<?xml version="1.0" encoding="utf-8"?>
<Project ToolsVersion="4.0" xmlns="http://schemas.microsoft.com/developer/msbuild/2003">
  <ItemGroup>
    <Filter Include="win32">
      <UniqueIdentifier>{84a8ebd7-7cf0-47f6-b75e-d441df67da40}</UniqueIdentifier>
    </Filter>
    <Filter Include="resource">
      <UniqueIdentifier>{715254bc-d70b-4ec5-bf29-467dd3ace079}</UniqueIdentifier>
    </Filter>
    <Filter Include="src">
      <UniqueIdentifier>{bb6c862e-70e9-49d9-81b7-3829a6f50471}</UniqueIdentifier>
    </Filter>
    <Filter Include="src\bg">
      <UniqueIdentifier>{1517b90f-d55e-4450-82bc-2df5dcd74d81}</UniqueIdentifier>
    </Filter>
    <Filter Include="src\enemy">
      <UniqueIdentifier>{91b7d498-25de-4dfb-91bc-946b19b1efbd}</UniqueIdentifier>
    </Filter>
    <Filter Include="src\hero">
      <UniqueIdentifier>{ba5c6001-2320-47c0-8068-44ddd04b473c}</UniqueIdentifier>
    </Filter>
    <Filter Include="src\bullet">
      <UniqueIdentifier>{d3fa6562-1ce4-4f73-95f5-a34a3fb5a764}</UniqueIdentifier>
    </Filter>
    <Filter Include="src\ui">
      <UniqueIdentifier>{6fc605ce-c477-4e6b-b7d6-3a3cad651cd3}</UniqueIdentifier>
    </Filter>
    <Filter Include="src\layer">
      <UniqueIdentifier>{928ecf94-89b3-472f-a2f6-0fc0ffd78b67}</UniqueIdentifier>
    </Filter>
    <Filter Include="src\porp">
      <UniqueIdentifier>{3ba25ff2-25e6-4e05-8d68-d4d5dfb2cf44}</UniqueIdentifier>
    </Filter>
    <Filter Include="src\Sence">
      <UniqueIdentifier>{0f96239c-8d16-4186-9096-a3bbdadca1fd}</UniqueIdentifier>
    </Filter>
    <Filter Include="src\util">
      <UniqueIdentifier>{55453b31-f941-41c0-9d4b-aff0638ca33e}</UniqueIdentifier>
    </Filter>
  </ItemGroup>
  <ItemGroup>
    <ClCompile Include="main.cpp">
      <Filter>win32</Filter>
    </ClCompile>
    <ClCompile Include="..\Classes\AppDelegate.cpp">
      <Filter>src</Filter>
    </ClCompile>
    <ClCompile Include="..\Classes\Bg\Bg.cpp">
      <Filter>src\bg</Filter>
    </ClCompile>
    <ClCompile Include="..\Classes\Enemy\EnemyManager.cpp">
      <Filter>src\enemy</Filter>
    </ClCompile>
    <ClCompile Include="..\Classes\Hero\Hero.cpp">
      <Filter>src\hero</Filter>
    </ClCompile>
    <ClCompile Include="..\Classes\Bullet\BulletManager.cpp">
      <Filter>src\bullet</Filter>
    </ClCompile>
    <ClCompile Include="..\Classes\Bullet\Bullet.cpp">
      <Filter>src\bullet</Filter>
    </ClCompile>
    <ClCompile Include="..\Classes\Hero\WingAircraft.cpp">
      <Filter>src\hero</Filter>
    </ClCompile>
    <ClCompile Include="..\Classes\Utils\AudioUtil.cpp">
      <Filter>src\util</Filter>
    </ClCompile>
    <ClCompile Include="..\Classes\Layer\PauseLayer.cpp">
      <Filter>src\layer</Filter>
    </ClCompile>
    <ClCompile Include="..\Classes\Layer\RankLayer.cpp">
      <Filter>src\layer</Filter>
    </ClCompile>
    <ClCompile Include="..\Classes\Layer\SettingLayer.cpp">
      <Filter>src\layer</Filter>
    </ClCompile>
    <ClCompile Include="..\Classes\Sence\EndSence.cpp">
      <Filter>src\Sence</Filter>
    </ClCompile>
    <ClCompile Include="..\Classes\Sence\StartSence.cpp">
      <Filter>src\Sence</Filter>
    </ClCompile>
    <ClCompile Include="..\Classes\Sence\GameSence.cpp">
      <Filter>src\Sence</Filter>
    </ClCompile>
    <ClCompile Include="..\Classes\Enemy\Enemy.cpp">
      <Filter>src\enemy</Filter>
    </ClCompile>
    <ClCompile Include="..\Classes\Ui\ChoiceItem.cpp">
      <Filter>src\ui</Filter>
    </ClCompile>
    <ClCompile Include="..\Classes\Bullet\BulletFactory.cpp">
      <Filter>src\bullet</Filter>
    </ClCompile>
    <ClCompile Include="..\Classes\Prop\Prop.cpp">
      <Filter>src\porp</Filter>
    </ClCompile>
    <ClCompile Include="..\Classes\Prop\PropManager.cpp">
      <Filter>src\porp</Filter>
    </ClCompile>
    <ClCompile Include="..\Classes\Sence\WelcomeSence.cpp">
      <Filter>src\Sence</Filter>
    </ClCompile>
  </ItemGroup>
  <ItemGroup>
    <ClInclude Include="main.h">
      <Filter>win32</Filter>
    </ClInclude>
    <ClInclude Include="..\Classes\AppDelegate.h">
      <Filter>src</Filter>
    </ClInclude>
    <ClInclude Include="..\Classes\Bg\Bg.h">
      <Filter>src\bg</Filter>
    </ClInclude>
    <ClInclude Include="..\Classes\Enemy\EnemyManager.h">
      <Filter>src\enemy</Filter>
    </ClInclude>
    <ClInclude Include="..\Classes\Hero\Hero.h">
      <Filter>src\hero</Filter>
    </ClInclude>
    <ClInclude Include="..\Classes\Bullet\BulletManager.h">
      <Filter>src\bullet</Filter>
    </ClInclude>
    <ClInclude Include="..\Classes\Bullet\Bullet.h">
      <Filter>src\bullet</Filter>
    </ClInclude>
    <ClInclude Include="..\Classes\Hero\WingAircraft.h">
      <Filter>src\hero</Filter>
    </ClInclude>
    <ClInclude Include="..\Classes\Utils\AudioUtil.h">
      <Filter>src\util</Filter>
    </ClInclude>
    <ClInclude Include="..\Classes\Layer\PauseLayer.h">
      <Filter>src\layer</Filter>
    </ClInclude>
    <ClInclude Include="..\Classes\Layer\RankLayer.h">
      <Filter>src\layer</Filter>
    </ClInclude>
    <ClInclude Include="..\Classes\Layer\SettingLayer.h">
      <Filter>src\layer</Filter>
    </ClInclude>
    <ClInclude Include="..\Classes\Sence\EndSence.h">
      <Filter>src\Sence</Filter>
    </ClInclude>
    <ClInclude Include="..\Classes\Sence\StartSence.h">
      <Filter>src\Sence</Filter>
    </ClInclude>
    <ClInclude Include="..\Classes\Sence\GameSence.h">
      <Filter>src\Sence</Filter>
    </ClInclude>
    <ClInclude Include="..\Classes\Enemy\Enemy.h">
      <Filter>src\enemy</Filter>
    </ClInclude>
    <ClInclude Include="..\Classes\Ui\ChoiceItem.h">
      <Filter>src\ui</Filter>
    </ClInclude>
    <ClInclude Include="..\Classes\Bullet\BulletFactory.h">
      <Filter>src\bullet</Filter>
    </ClInclude>
    <ClInclude Include="..\Classes\Prop\Prop.h">
      <Filter>src\porp</Filter>
    </ClInclude>
    <ClInclude Include="..\Classes\Prop\PropManager.h">
      <Filter>src\porp</Filter>
    </ClInclude>
    <ClInclude Include="..\Classes\Sence\WelcomeSence.h">
      <Filter>src\Sence</Filter>
    </ClInclude>
  </ItemGroup>
  <ItemGroup>
    <ResourceCompile Include="game.rc">
      <Filter>resource</Filter>
    </ResourceCompile>
  </ItemGroup>
  <ItemGroup>
    <None Include="..\README.md" />
  </ItemGroup>
</Project>